// !$*UTF8*$!
{
	archiveVersion = 1;
	classes = {
	};
	objectVersion = 63;
	objects = {

/* Begin PBXBuildFile section */
		6B542E092CF98C1D007877B6 /* Alpinist.xcdatamodeld in Sources */ = {isa = PBXBuildFile; fileRef = 6B542DFD2CF98C1D007877B6 /* Alpinist.xcdatamodeld */; };
		6B542E0A2CF98C1D007877B6 /* AppDelegate.swift in Sources */ = {isa = PBXBuildFile; fileRef = 6B542DFE2CF98C1D007877B6 /* AppDelegate.swift */; };
		6B542E0B2CF98C1D007877B6 /* SceneDelegate.swift in Sources */ = {isa = PBXBuildFile; fileRef = 6B542E052CF98C1D007877B6 /* SceneDelegate.swift */; };
		6B542E0C2CF98C1D007877B6 /* RootViewController.swift in Sources */ = {isa = PBXBuildFile; fileRef = 6B542E062CF98C1D007877B6 /* RootViewController.swift */; };
		6B542E0D2CF98C1D007877B6 /* Assets.xcassets in Resources */ = {isa = PBXBuildFile; fileRef = 6B542DFF2CF98C1D007877B6 /* Assets.xcassets */; };
		6B542E0F2CF98C1D007877B6 /* LaunchScreen.storyboard in Resources */ = {isa = PBXBuildFile; fileRef = 6B542E022CF98C1D007877B6 /* LaunchScreen.storyboard */; };
		6B542E102CF98C1D007877B6 /* Root.storyboard in Resources */ = {isa = PBXBuildFile; fileRef = 6B542E042CF98C1D007877B6 /* Root.storyboard */; };
		6B542E212CF98D55007877B6 /* PaddingTextField.swift in Sources */ = {isa = PBXBuildFile; fileRef = 6B542E1B2CF98D55007877B6 /* PaddingTextField.swift */; };
		6B542E222CF98D55007877B6 /* BaseTextField.swift in Sources */ = {isa = PBXBuildFile; fileRef = 6B542E142CF98D55007877B6 /* BaseTextField.swift */; };
		6B542E232CF98D55007877B6 /* UIView.swift in Sources */ = {isa = PBXBuildFile; fileRef = 6B542E1F2CF98D55007877B6 /* UIView.swift */; };
		6B542E242CF98D55007877B6 /* String.swift in Sources */ = {isa = PBXBuildFile; fileRef = 6B542E1D2CF98D55007877B6 /* String.swift */; };
		6B542E252CF98D55007877B6 /* Double.swift in Sources */ = {isa = PBXBuildFile; fileRef = 6B542E162CF98D55007877B6 /* Double.swift */; };
		6B542E262CF98D55007877B6 /* UITextField.swift in Sources */ = {isa = PBXBuildFile; fileRef = 6B542E1E2CF98D55007877B6 /* UITextField.swift */; };
		6B542E272CF98D55007877B6 /* BaseButton.swift in Sources */ = {isa = PBXBuildFile; fileRef = 6B542E132CF98D55007877B6 /* BaseButton.swift */; };
		6B542E282CF98D55007877B6 /* ShadowView.swift in Sources */ = {isa = PBXBuildFile; fileRef = 6B542E1C2CF98D55007877B6 /* ShadowView.swift */; };
		6B542E292CF98D55007877B6 /* Font.swift in Sources */ = {isa = PBXBuildFile; fileRef = 6B542E172CF98D55007877B6 /* Font.swift */; };
		6B542E2A2CF98D55007877B6 /* Date.swift in Sources */ = {isa = PBXBuildFile; fileRef = 6B542E152CF98D55007877B6 /* Date.swift */; };
		6B542E2B2CF98D55007877B6 /* ViewController.swift in Sources */ = {isa = PBXBuildFile; fileRef = 6B542E202CF98D55007877B6 /* ViewController.swift */; };
		6B542E2C2CF98D55007877B6 /* NumberTextField.swift in Sources */ = {isa = PBXBuildFile; fileRef = 6B542E1A2CF98D55007877B6 /* NumberTextField.swift */; };
		6B542E312CF98DB9007877B6 /* Jura-Bold.ttf in Resources */ = {isa = PBXBuildFile; fileRef = 6B542E2E2CF98DB9007877B6 /* Jura-Bold.ttf */; };
		6B542E322CF98DB9007877B6 /* Jura-Medium.ttf in Resources */ = {isa = PBXBuildFile; fileRef = 6B542E2F2CF98DB9007877B6 /* Jura-Medium.ttf */; };
		6B542E332CF98DB9007877B6 /* Jura-Regular.ttf in Resources */ = {isa = PBXBuildFile; fileRef = 6B542E302CF98DB9007877B6 /* Jura-Regular.ttf */; };
		6B542E352CF9A997007877B6 /* CheckBoxButton.swift in Sources */ = {isa = PBXBuildFile; fileRef = 6B542E342CF9A997007877B6 /* CheckBoxButton.swift */; };
		6B542E3A2CF9AB6E007877B6 /* MenuViewController.swift in Sources */ = {isa = PBXBuildFile; fileRef = 6B542E382CF9AB6E007877B6 /* MenuViewController.swift */; };
		6B542E3B2CF9AB6E007877B6 /* MenuViewController.xib in Resources */ = {isa = PBXBuildFile; fileRef = 6B542E392CF9AB6E007877B6 /* MenuViewController.xib */; };
		6B542E452CF9AFEC007877B6 /* PlacesViewController.swift in Sources */ = {isa = PBXBuildFile; fileRef = 6B542E432CF9AFEC007877B6 /* PlacesViewController.swift */; };
		6B542E462CF9AFEC007877B6 /* PlacesViewController.xib in Resources */ = {isa = PBXBuildFile; fileRef = 6B542E442CF9AFEC007877B6 /* PlacesViewController.xib */; };
		6B542E492CF9B399007877B6 /* PlaceModel.swift in Sources */ = {isa = PBXBuildFile; fileRef = 6B542E482CF9B399007877B6 /* PlaceModel.swift */; };
		6B542E4D2CF9B433007877B6 /* PlaceTableViewCell.swift in Sources */ = {isa = PBXBuildFile; fileRef = 6B542E4B2CF9B433007877B6 /* PlaceTableViewCell.swift */; };
		6B542E4E2CF9B433007877B6 /* PlaceTableViewCell.xib in Resources */ = {isa = PBXBuildFile; fileRef = 6B542E4C2CF9B433007877B6 /* PlaceTableViewCell.xib */; };
		6B542E532CF9BA5E007877B6 /* PlaceFormViewController.xib in Resources */ = {isa = PBXBuildFile; fileRef = 6B542E522CF9BA5E007877B6 /* PlaceFormViewController.xib */; };
		6B542E542CF9BA5E007877B6 /* PlaceFormViewController.swift in Sources */ = {isa = PBXBuildFile; fileRef = 6B542E512CF9BA5E007877B6 /* PlaceFormViewController.swift */; };
		6B542E582CF9C438007877B6 /* MemberTableViewCell.xib in Resources */ = {isa = PBXBuildFile; fileRef = 6B542E572CF9C438007877B6 /* MemberTableViewCell.xib */; };
		6B542E592CF9C438007877B6 /* MemberTableViewCell.swift in Sources */ = {isa = PBXBuildFile; fileRef = 6B542E562CF9C438007877B6 /* MemberTableViewCell.swift */; };
		6B542E5C2CF9C547007877B6 /* PlaceFormViewModel.swift in Sources */ = {isa = PBXBuildFile; fileRef = 6B542E5B2CF9C547007877B6 /* PlaceFormViewModel.swift */; };
		6B542E5F2CF9F035007877B6 /* PlacesViewModel.swift in Sources */ = {isa = PBXBuildFile; fileRef = 6B542E5E2CF9F035007877B6 /* PlacesViewModel.swift */; };
		6B542E622CF9F287007877B6 /* CoreDataManager.swift in Sources */ = {isa = PBXBuildFile; fileRef = 6B542E612CF9F287007877B6 /* CoreDataManager.swift */; };
		6B542E672CFA4D09007877B6 /* EquipmentListViewController.xib in Resources */ = {isa = PBXBuildFile; fileRef = 6B542E662CFA4D09007877B6 /* EquipmentListViewController.xib */; };
		6B542E682CFA4D09007877B6 /* EquipmentListViewController.swift in Sources */ = {isa = PBXBuildFile; fileRef = 6B542E652CFA4D09007877B6 /* EquipmentListViewController.swift */; };
		6B542E6B2CFA4F66007877B6 /* EquipmentModel.swift in Sources */ = {isa = PBXBuildFile; fileRef = 6B542E6A2CFA4F66007877B6 /* EquipmentModel.swift */; };
		6B542E6E2CFA4FDB007877B6 /* EquipmentListViewModel.swift in Sources */ = {isa = PBXBuildFile; fileRef = 6B542E6D2CFA4FDB007877B6 /* EquipmentListViewModel.swift */; };
		6B542E722CFA5388007877B6 /* EquipmentListTableViewCell.xib in Resources */ = {isa = PBXBuildFile; fileRef = 6B542E712CFA5388007877B6 /* EquipmentListTableViewCell.xib */; };
		6B542E732CFA5388007877B6 /* EquipmentListTableViewCell.swift in Sources */ = {isa = PBXBuildFile; fileRef = 6B542E702CFA5388007877B6 /* EquipmentListTableViewCell.swift */; };
		6B542E772CFA5FA2007877B6 /* EquipmentFormViewController.xib in Resources */ = {isa = PBXBuildFile; fileRef = 6B542E762CFA5FA2007877B6 /* EquipmentFormViewController.xib */; };
		6B542E782CFA5FA2007877B6 /* EquipmentFormViewController.swift in Sources */ = {isa = PBXBuildFile; fileRef = 6B542E752CFA5FA2007877B6 /* EquipmentFormViewController.swift */; };
		6B542E7D2CFA6184007877B6 /* EquipmentFormViewModel.swift in Sources */ = {isa = PBXBuildFile; fileRef = 6B542E7C2CFA6184007877B6 /* EquipmentFormViewModel.swift */; };
		6B542E812CFAD60C007877B6 /* SettingsViewController.xib in Resources */ = {isa = PBXBuildFile; fileRef = 6B542E802CFAD60C007877B6 /* SettingsViewController.xib */; };
		6B542E822CFAD60C007877B6 /* SettingsViewController.swift in Sources */ = {isa = PBXBuildFile; fileRef = 6B542E7F2CFAD60C007877B6 /* SettingsViewController.swift */; };
		6B83AD642D046D660061FB37 /* NetworkManager.swift in Sources */ = {isa = PBXBuildFile; fileRef = 6B83AD632D046D660061FB37 /* NetworkManager.swift */; };
		6B83AD672D046D900061FB37 /* PrivacyWebViewController.swift in Sources */ = {isa = PBXBuildFile; fileRef = 6B83AD662D046D900061FB37 /* PrivacyWebViewController.swift */; };
		6B83AD692D046DA30061FB37 /* PrivacyViewController.swift in Sources */ = {isa = PBXBuildFile; fileRef = 6B83AD682D046DA30061FB37 /* PrivacyViewController.swift */; };
		6B83AD6B2D046ECB0061FB37 /* codemagic.yaml in Resources */ = {isa = PBXBuildFile; fileRef = 6B83AD6A2D046ECB0061FB37 /* codemagic.yaml */; };
		6B83AD6D2D04C8BE0061FB37 /* GoogleService-Info.plist in Resources */ = {isa = PBXBuildFile; fileRef = 6B83AD6C2D04C8BE0061FB37 /* GoogleService-Info.plist */; };
		86C48A98DE622BB0E939DC43 /* Pods_Alpinist.framework in Frameworks */ = {isa = PBXBuildFile; fileRef = 1CE99DB802425D59942E8620 /* Pods_Alpinist.framework */; };
/* End PBXBuildFile section */

/* Begin PBXFileReference section */
		003740BED9C2CF432AF57D9F /* Pods-Alpinist.debug.xcconfig */ = {isa = PBXFileReference; includeInIndex = 1; lastKnownFileType = text.xcconfig; name = "Pods-Alpinist.debug.xcconfig"; path = "Target Support Files/Pods-Alpinist/Pods-Alpinist.debug.xcconfig"; sourceTree = "<group>"; };
		1CE99DB802425D59942E8620 /* Pods_Alpinist.framework */ = {isa = PBXFileReference; explicitFileType = wrapper.framework; includeInIndex = 0; path = Pods_Alpinist.framework; sourceTree = BUILT_PRODUCTS_DIR; };
		6628B2B38618D07678F850EA /* Pods-Alpinist.release.xcconfig */ = {isa = PBXFileReference; includeInIndex = 1; lastKnownFileType = text.xcconfig; name = "Pods-Alpinist.release.xcconfig"; path = "Target Support Files/Pods-Alpinist/Pods-Alpinist.release.xcconfig"; sourceTree = "<group>"; };
		6B542DE22CF98C0B007877B6 /* Alpinist.app */ = {isa = PBXFileReference; explicitFileType = wrapper.application; includeInIndex = 0; path = Alpinist.app; sourceTree = BUILT_PRODUCTS_DIR; };
		6B542DFE2CF98C1D007877B6 /* AppDelegate.swift */ = {isa = PBXFileReference; lastKnownFileType = sourcecode.swift; path = AppDelegate.swift; sourceTree = "<group>"; };
		6B542DFF2CF98C1D007877B6 /* Assets.xcassets */ = {isa = PBXFileReference; lastKnownFileType = folder.assetcatalog; path = Assets.xcassets; sourceTree = "<group>"; };
		6B542E002CF98C1D007877B6 /* Info.plist */ = {isa = PBXFileReference; lastKnownFileType = text.plist.xml; path = Info.plist; sourceTree = "<group>"; };
		6B542E012CF98C1D007877B6 /* Base */ = {isa = PBXFileReference; lastKnownFileType = file.storyboard; name = Base; path = Base.lproj/LaunchScreen.storyboard; sourceTree = "<group>"; };
		6B542E032CF98C1D007877B6 /* Base */ = {isa = PBXFileReference; lastKnownFileType = file.storyboard; name = Base; path = Base.lproj/Root.storyboard; sourceTree = "<group>"; };
		6B542E052CF98C1D007877B6 /* SceneDelegate.swift */ = {isa = PBXFileReference; lastKnownFileType = sourcecode.swift; path = SceneDelegate.swift; sourceTree = "<group>"; };
		6B542E062CF98C1D007877B6 /* RootViewController.swift */ = {isa = PBXFileReference; lastKnownFileType = sourcecode.swift; path = RootViewController.swift; sourceTree = "<group>"; };
		6B542E082CF98C1D007877B6 /* Alpinist.xcdatamodel */ = {isa = PBXFileReference; lastKnownFileType = wrapper.xcdatamodel; path = Alpinist.xcdatamodel; sourceTree = "<group>"; };
		6B542E132CF98D55007877B6 /* BaseButton.swift */ = {isa = PBXFileReference; lastKnownFileType = sourcecode.swift; path = BaseButton.swift; sourceTree = "<group>"; };
		6B542E142CF98D55007877B6 /* BaseTextField.swift */ = {isa = PBXFileReference; lastKnownFileType = sourcecode.swift; path = BaseTextField.swift; sourceTree = "<group>"; };
		6B542E152CF98D55007877B6 /* Date.swift */ = {isa = PBXFileReference; lastKnownFileType = sourcecode.swift; path = Date.swift; sourceTree = "<group>"; };
		6B542E162CF98D55007877B6 /* Double.swift */ = {isa = PBXFileReference; lastKnownFileType = sourcecode.swift; path = Double.swift; sourceTree = "<group>"; };
		6B542E172CF98D55007877B6 /* Font.swift */ = {isa = PBXFileReference; lastKnownFileType = sourcecode.swift; path = Font.swift; sourceTree = "<group>"; };
		6B542E1A2CF98D55007877B6 /* NumberTextField.swift */ = {isa = PBXFileReference; lastKnownFileType = sourcecode.swift; path = NumberTextField.swift; sourceTree = "<group>"; };
		6B542E1B2CF98D55007877B6 /* PaddingTextField.swift */ = {isa = PBXFileReference; lastKnownFileType = sourcecode.swift; path = PaddingTextField.swift; sourceTree = "<group>"; };
		6B542E1C2CF98D55007877B6 /* ShadowView.swift */ = {isa = PBXFileReference; lastKnownFileType = sourcecode.swift; path = ShadowView.swift; sourceTree = "<group>"; };
		6B542E1D2CF98D55007877B6 /* String.swift */ = {isa = PBXFileReference; lastKnownFileType = sourcecode.swift; path = String.swift; sourceTree = "<group>"; };
		6B542E1E2CF98D55007877B6 /* UITextField.swift */ = {isa = PBXFileReference; lastKnownFileType = sourcecode.swift; path = UITextField.swift; sourceTree = "<group>"; };
		6B542E1F2CF98D55007877B6 /* UIView.swift */ = {isa = PBXFileReference; lastKnownFileType = sourcecode.swift; path = UIView.swift; sourceTree = "<group>"; };
		6B542E202CF98D55007877B6 /* ViewController.swift */ = {isa = PBXFileReference; lastKnownFileType = sourcecode.swift; path = ViewController.swift; sourceTree = "<group>"; };
		6B542E2E2CF98DB9007877B6 /* Jura-Bold.ttf */ = {isa = PBXFileReference; lastKnownFileType = file; path = "Jura-Bold.ttf"; sourceTree = "<group>"; };
		6B542E2F2CF98DB9007877B6 /* Jura-Medium.ttf */ = {isa = PBXFileReference; lastKnownFileType = file; path = "Jura-Medium.ttf"; sourceTree = "<group>"; };
		6B542E302CF98DB9007877B6 /* Jura-Regular.ttf */ = {isa = PBXFileReference; lastKnownFileType = file; path = "Jura-Regular.ttf"; sourceTree = "<group>"; };
		6B542E342CF9A997007877B6 /* CheckBoxButton.swift */ = {isa = PBXFileReference; lastKnownFileType = sourcecode.swift; path = CheckBoxButton.swift; sourceTree = "<group>"; };
		6B542E382CF9AB6E007877B6 /* MenuViewController.swift */ = {isa = PBXFileReference; lastKnownFileType = sourcecode.swift; path = MenuViewController.swift; sourceTree = "<group>"; };
		6B542E392CF9AB6E007877B6 /* MenuViewController.xib */ = {isa = PBXFileReference; lastKnownFileType = file.xib; path = MenuViewController.xib; sourceTree = "<group>"; };
		6B542E432CF9AFEC007877B6 /* PlacesViewController.swift */ = {isa = PBXFileReference; lastKnownFileType = sourcecode.swift; path = PlacesViewController.swift; sourceTree = "<group>"; };
		6B542E442CF9AFEC007877B6 /* PlacesViewController.xib */ = {isa = PBXFileReference; lastKnownFileType = file.xib; path = PlacesViewController.xib; sourceTree = "<group>"; };
		6B542E482CF9B399007877B6 /* PlaceModel.swift */ = {isa = PBXFileReference; lastKnownFileType = sourcecode.swift; path = PlaceModel.swift; sourceTree = "<group>"; };
		6B542E4B2CF9B433007877B6 /* PlaceTableViewCell.swift */ = {isa = PBXFileReference; lastKnownFileType = sourcecode.swift; path = PlaceTableViewCell.swift; sourceTree = "<group>"; };
		6B542E4C2CF9B433007877B6 /* PlaceTableViewCell.xib */ = {isa = PBXFileReference; lastKnownFileType = file.xib; path = PlaceTableViewCell.xib; sourceTree = "<group>"; };
		6B542E512CF9BA5E007877B6 /* PlaceFormViewController.swift */ = {isa = PBXFileReference; lastKnownFileType = sourcecode.swift; path = PlaceFormViewController.swift; sourceTree = "<group>"; };
		6B542E522CF9BA5E007877B6 /* PlaceFormViewController.xib */ = {isa = PBXFileReference; lastKnownFileType = file.xib; path = PlaceFormViewController.xib; sourceTree = "<group>"; };
		6B542E562CF9C438007877B6 /* MemberTableViewCell.swift */ = {isa = PBXFileReference; lastKnownFileType = sourcecode.swift; path = MemberTableViewCell.swift; sourceTree = "<group>"; };
		6B542E572CF9C438007877B6 /* MemberTableViewCell.xib */ = {isa = PBXFileReference; lastKnownFileType = file.xib; path = MemberTableViewCell.xib; sourceTree = "<group>"; };
		6B542E5B2CF9C547007877B6 /* PlaceFormViewModel.swift */ = {isa = PBXFileReference; lastKnownFileType = sourcecode.swift; path = PlaceFormViewModel.swift; sourceTree = "<group>"; };
		6B542E5E2CF9F035007877B6 /* PlacesViewModel.swift */ = {isa = PBXFileReference; lastKnownFileType = sourcecode.swift; path = PlacesViewModel.swift; sourceTree = "<group>"; };
		6B542E612CF9F287007877B6 /* CoreDataManager.swift */ = {isa = PBXFileReference; lastKnownFileType = sourcecode.swift; path = CoreDataManager.swift; sourceTree = "<group>"; };
		6B542E652CFA4D09007877B6 /* EquipmentListViewController.swift */ = {isa = PBXFileReference; lastKnownFileType = sourcecode.swift; path = EquipmentListViewController.swift; sourceTree = "<group>"; };
		6B542E662CFA4D09007877B6 /* EquipmentListViewController.xib */ = {isa = PBXFileReference; lastKnownFileType = file.xib; path = EquipmentListViewController.xib; sourceTree = "<group>"; };
		6B542E6A2CFA4F66007877B6 /* EquipmentModel.swift */ = {isa = PBXFileReference; lastKnownFileType = sourcecode.swift; path = EquipmentModel.swift; sourceTree = "<group>"; };
		6B542E6D2CFA4FDB007877B6 /* EquipmentListViewModel.swift */ = {isa = PBXFileReference; lastKnownFileType = sourcecode.swift; path = EquipmentListViewModel.swift; sourceTree = "<group>"; };
		6B542E702CFA5388007877B6 /* EquipmentListTableViewCell.swift */ = {isa = PBXFileReference; lastKnownFileType = sourcecode.swift; path = EquipmentListTableViewCell.swift; sourceTree = "<group>"; };
		6B542E712CFA5388007877B6 /* EquipmentListTableViewCell.xib */ = {isa = PBXFileReference; lastKnownFileType = file.xib; path = EquipmentListTableViewCell.xib; sourceTree = "<group>"; };
		6B542E752CFA5FA2007877B6 /* EquipmentFormViewController.swift */ = {isa = PBXFileReference; lastKnownFileType = sourcecode.swift; path = EquipmentFormViewController.swift; sourceTree = "<group>"; };
		6B542E762CFA5FA2007877B6 /* EquipmentFormViewController.xib */ = {isa = PBXFileReference; lastKnownFileType = file.xib; path = EquipmentFormViewController.xib; sourceTree = "<group>"; };
		6B542E7C2CFA6184007877B6 /* EquipmentFormViewModel.swift */ = {isa = PBXFileReference; lastKnownFileType = sourcecode.swift; path = EquipmentFormViewModel.swift; sourceTree = "<group>"; };
		6B542E7F2CFAD60C007877B6 /* SettingsViewController.swift */ = {isa = PBXFileReference; lastKnownFileType = sourcecode.swift; path = SettingsViewController.swift; sourceTree = "<group>"; };
		6B542E802CFAD60C007877B6 /* SettingsViewController.xib */ = {isa = PBXFileReference; lastKnownFileType = file.xib; path = SettingsViewController.xib; sourceTree = "<group>"; };
		6B83AD632D046D660061FB37 /* NetworkManager.swift */ = {isa = PBXFileReference; lastKnownFileType = sourcecode.swift; path = NetworkManager.swift; sourceTree = "<group>"; };
		6B83AD662D046D900061FB37 /* PrivacyWebViewController.swift */ = {isa = PBXFileReference; lastKnownFileType = sourcecode.swift; path = PrivacyWebViewController.swift; sourceTree = "<group>"; };
		6B83AD682D046DA30061FB37 /* PrivacyViewController.swift */ = {isa = PBXFileReference; lastKnownFileType = sourcecode.swift; path = PrivacyViewController.swift; sourceTree = "<group>"; };
		6B83AD6A2D046ECB0061FB37 /* codemagic.yaml */ = {isa = PBXFileReference; lastKnownFileType = text.yaml; path = codemagic.yaml; sourceTree = "<group>"; };
		6B83AD6C2D04C8BE0061FB37 /* GoogleService-Info.plist */ = {isa = PBXFileReference; lastKnownFileType = text.plist.xml; path = "GoogleService-Info.plist"; sourceTree = "<group>"; };
/* End PBXFileReference section */

/* Begin PBXFrameworksBuildPhase section */
		6B542DDF2CF98C0B007877B6 /* Frameworks */ = {
			isa = PBXFrameworksBuildPhase;
			buildActionMask = 2147483647;
			files = (
				86C48A98DE622BB0E939DC43 /* Pods_Alpinist.framework in Frameworks */,
			);
			runOnlyForDeploymentPostprocessing = 0;
		};
/* End PBXFrameworksBuildPhase section */

/* Begin PBXGroup section */
		00D7A5C5A1F6A787D631336B /* Frameworks */ = {
			isa = PBXGroup;
			children = (
				1CE99DB802425D59942E8620 /* Pods_Alpinist.framework */,
			);
			name = Frameworks;
			sourceTree = "<group>";
		};
		6B542DD92CF98C0B007877B6 = {
			isa = PBXGroup;
			children = (
				6B83AD6A2D046ECB0061FB37 /* codemagic.yaml */,
				6B542E072CF98C1D007877B6 /* Alpinist */,
				6B542DE32CF98C0B007877B6 /* Products */,
				F0A2886BCB2BCFC9C3209C09 /* Pods */,
				00D7A5C5A1F6A787D631336B /* Frameworks */,
			);
			sourceTree = "<group>";
		};
		6B542DE32CF98C0B007877B6 /* Products */ = {
			isa = PBXGroup;
			children = (
				6B542DE22CF98C0B007877B6 /* Alpinist.app */,
			);
			name = Products;
			sourceTree = "<group>";
		};
		6B542E072CF98C1D007877B6 /* Alpinist */ = {
			isa = PBXGroup;
			children = (
				6B83AD652D046D870061FB37 /* PrivacyPolicy */,
				6B83AD622D046D5D0061FB37 /* NetworkManager */,
				6B542E7E2CFAD5FA007877B6 /* Settings */,
				6B542E742CFA5F89007877B6 /* EquipmentForm */,
				6B542E632CFA4CD6007877B6 /* EquipmentList */,
				6B542E4F2CF9BA45007877B6 /* PlaceForm */,
				6B542E3C2CF9AF84007877B6 /* Places */,
				6B542E362CF9AB5D007877B6 /* Menu */,
				6B542E122CF98CCA007877B6 /* Extensions */,
				6B542E112CF98C50007877B6 /* Root */,
				6B542E602CF9F263007877B6 /* CoreData */,
				6B542DFD2CF98C1D007877B6 /* Alpinist.xcdatamodeld */,
				6B542DFE2CF98C1D007877B6 /* AppDelegate.swift */,
				6B542DFF2CF98C1D007877B6 /* Assets.xcassets */,
				6B83AD6C2D04C8BE0061FB37 /* GoogleService-Info.plist */,
				6B542E002CF98C1D007877B6 /* Info.plist */,
				6B542E022CF98C1D007877B6 /* LaunchScreen.storyboard */,
				6B542E052CF98C1D007877B6 /* SceneDelegate.swift */,
			);
			path = Alpinist;
			sourceTree = "<group>";
		};
		6B542E112CF98C50007877B6 /* Root */ = {
			isa = PBXGroup;
			children = (
				6B542E062CF98C1D007877B6 /* RootViewController.swift */,
				6B542E042CF98C1D007877B6 /* Root.storyboard */,
			);
			path = Root;
			sourceTree = "<group>";
		};
		6B542E122CF98CCA007877B6 /* Extensions */ = {
			isa = PBXGroup;
			children = (
				6B542E132CF98D55007877B6 /* BaseButton.swift */,
				6B542E142CF98D55007877B6 /* BaseTextField.swift */,
				6B542E342CF9A997007877B6 /* CheckBoxButton.swift */,
				6B542E152CF98D55007877B6 /* Date.swift */,
				6B542E162CF98D55007877B6 /* Double.swift */,
				6B542E192CF98D55007877B6 /* Font */,
				6B542E1A2CF98D55007877B6 /* NumberTextField.swift */,
				6B542E1B2CF98D55007877B6 /* PaddingTextField.swift */,
				6B542E1C2CF98D55007877B6 /* ShadowView.swift */,
				6B542E1D2CF98D55007877B6 /* String.swift */,
				6B542E1E2CF98D55007877B6 /* UITextField.swift */,
				6B542E1F2CF98D55007877B6 /* UIView.swift */,
				6B542E202CF98D55007877B6 /* ViewController.swift */,
			);
			path = Extensions;
			sourceTree = "<group>";
		};
		6B542E192CF98D55007877B6 /* Font */ = {
			isa = PBXGroup;
			children = (
				6B542E172CF98D55007877B6 /* Font.swift */,
				6B542E2E2CF98DB9007877B6 /* Jura-Bold.ttf */,
				6B542E2F2CF98DB9007877B6 /* Jura-Medium.ttf */,
				6B542E302CF98DB9007877B6 /* Jura-Regular.ttf */,
			);
			path = Font;
			sourceTree = "<group>";
		};
		6B542E362CF9AB5D007877B6 /* Menu */ = {
			isa = PBXGroup;
			children = (
				6B542E372CF9AB63007877B6 /* View */,
			);
			path = Menu;
			sourceTree = "<group>";
		};
		6B542E372CF9AB63007877B6 /* View */ = {
			isa = PBXGroup;
			children = (
				6B542E382CF9AB6E007877B6 /* MenuViewController.swift */,
				6B542E392CF9AB6E007877B6 /* MenuViewController.xib */,
			);
			path = View;
			sourceTree = "<group>";
		};
		6B542E3C2CF9AF84007877B6 /* Places */ = {
			isa = PBXGroup;
			children = (
				6B542E5D2CF9F02A007877B6 /* ViewModel */,
				6B542E4A2CF9B418007877B6 /* Cell */,
				6B542E472CF9B388007877B6 /* Model */,
				6B542E3D2CF9AF8E007877B6 /* View */,
			);
			path = Places;
			sourceTree = "<group>";
		};
		6B542E3D2CF9AF8E007877B6 /* View */ = {
			isa = PBXGroup;
			children = (
				6B542E432CF9AFEC007877B6 /* PlacesViewController.swift */,
				6B542E442CF9AFEC007877B6 /* PlacesViewController.xib */,
			);
			path = View;
			sourceTree = "<group>";
		};
		6B542E472CF9B388007877B6 /* Model */ = {
			isa = PBXGroup;
			children = (
				6B542E482CF9B399007877B6 /* PlaceModel.swift */,
			);
			path = Model;
			sourceTree = "<group>";
		};
		6B542E4A2CF9B418007877B6 /* Cell */ = {
			isa = PBXGroup;
			children = (
				6B542E4B2CF9B433007877B6 /* PlaceTableViewCell.swift */,
				6B542E4C2CF9B433007877B6 /* PlaceTableViewCell.xib */,
			);
			path = Cell;
			sourceTree = "<group>";
		};
		6B542E4F2CF9BA45007877B6 /* PlaceForm */ = {
			isa = PBXGroup;
			children = (
				6B542E5A2CF9C52A007877B6 /* ViewModel */,
				6B542E552CF9C41F007877B6 /* Cell */,
				6B542E502CF9BA4E007877B6 /* View */,
			);
			path = PlaceForm;
			sourceTree = "<group>";
		};
		6B542E502CF9BA4E007877B6 /* View */ = {
			isa = PBXGroup;
			children = (
				6B542E512CF9BA5E007877B6 /* PlaceFormViewController.swift */,
				6B542E522CF9BA5E007877B6 /* PlaceFormViewController.xib */,
			);
			path = View;
			sourceTree = "<group>";
		};
		6B542E552CF9C41F007877B6 /* Cell */ = {
			isa = PBXGroup;
			children = (
				6B542E562CF9C438007877B6 /* MemberTableViewCell.swift */,
				6B542E572CF9C438007877B6 /* MemberTableViewCell.xib */,
			);
			path = Cell;
			sourceTree = "<group>";
		};
		6B542E5A2CF9C52A007877B6 /* ViewModel */ = {
			isa = PBXGroup;
			children = (
				6B542E5B2CF9C547007877B6 /* PlaceFormViewModel.swift */,
			);
			path = ViewModel;
			sourceTree = "<group>";
		};
		6B542E5D2CF9F02A007877B6 /* ViewModel */ = {
			isa = PBXGroup;
			children = (
				6B542E5E2CF9F035007877B6 /* PlacesViewModel.swift */,
			);
			path = ViewModel;
			sourceTree = "<group>";
		};
		6B542E602CF9F263007877B6 /* CoreData */ = {
			isa = PBXGroup;
			children = (
				6B542E612CF9F287007877B6 /* CoreDataManager.swift */,
			);
			path = CoreData;
			sourceTree = "<group>";
		};
		6B542E632CFA4CD6007877B6 /* EquipmentList */ = {
			isa = PBXGroup;
			children = (
				6B542E6F2CFA5310007877B6 /* Cell */,
				6B542E6C2CFA4FCA007877B6 /* ViewModel */,
				6B542E692CFA4F44007877B6 /* Model */,
				6B542E642CFA4CEE007877B6 /* View */,
			);
			path = EquipmentList;
			sourceTree = "<group>";
		};
		6B542E642CFA4CEE007877B6 /* View */ = {
			isa = PBXGroup;
			children = (
				6B542E652CFA4D09007877B6 /* EquipmentListViewController.swift */,
				6B542E662CFA4D09007877B6 /* EquipmentListViewController.xib */,
			);
			path = View;
			sourceTree = "<group>";
		};
		6B542E692CFA4F44007877B6 /* Model */ = {
			isa = PBXGroup;
			children = (
				6B542E6A2CFA4F66007877B6 /* EquipmentModel.swift */,
			);
			path = Model;
			sourceTree = "<group>";
		};
		6B542E6C2CFA4FCA007877B6 /* ViewModel */ = {
			isa = PBXGroup;
			children = (
				6B542E6D2CFA4FDB007877B6 /* EquipmentListViewModel.swift */,
			);
			path = ViewModel;
			sourceTree = "<group>";
		};
		6B542E6F2CFA5310007877B6 /* Cell */ = {
			isa = PBXGroup;
			children = (
				6B542E702CFA5388007877B6 /* EquipmentListTableViewCell.swift */,
				6B542E712CFA5388007877B6 /* EquipmentListTableViewCell.xib */,
			);
			path = Cell;
			sourceTree = "<group>";
		};
		6B542E742CFA5F89007877B6 /* EquipmentForm */ = {
			isa = PBXGroup;
			children = (
				6B542E7B2CFA6167007877B6 /* ViewModel */,
				6B542E7A2CFA6160007877B6 /* View */,
			);
			path = EquipmentForm;
			sourceTree = "<group>";
		};
		6B542E7A2CFA6160007877B6 /* View */ = {
			isa = PBXGroup;
			children = (
				6B542E752CFA5FA2007877B6 /* EquipmentFormViewController.swift */,
				6B542E762CFA5FA2007877B6 /* EquipmentFormViewController.xib */,
			);
			path = View;
			sourceTree = "<group>";
		};
		6B542E7B2CFA6167007877B6 /* ViewModel */ = {
			isa = PBXGroup;
			children = (
				6B542E7C2CFA6184007877B6 /* EquipmentFormViewModel.swift */,
			);
			path = ViewModel;
			sourceTree = "<group>";
		};
		6B542E7E2CFAD5FA007877B6 /* Settings */ = {
			isa = PBXGroup;
			children = (
				6B542E7F2CFAD60C007877B6 /* SettingsViewController.swift */,
				6B542E802CFAD60C007877B6 /* SettingsViewController.xib */,
			);
			path = Settings;
			sourceTree = "<group>";
		};
		6B83AD622D046D5D0061FB37 /* NetworkManager */ = {
			isa = PBXGroup;
			children = (
				6B83AD632D046D660061FB37 /* NetworkManager.swift */,
			);
			path = NetworkManager;
			sourceTree = "<group>";
		};
		6B83AD652D046D870061FB37 /* PrivacyPolicy */ = {
			isa = PBXGroup;
			children = (
				6B83AD662D046D900061FB37 /* PrivacyWebViewController.swift */,
				6B83AD682D046DA30061FB37 /* PrivacyViewController.swift */,
			);
			path = PrivacyPolicy;
			sourceTree = "<group>";
		};
		F0A2886BCB2BCFC9C3209C09 /* Pods */ = {
			isa = PBXGroup;
			children = (
				003740BED9C2CF432AF57D9F /* Pods-Alpinist.debug.xcconfig */,
				6628B2B38618D07678F850EA /* Pods-Alpinist.release.xcconfig */,
			);
			path = Pods;
			sourceTree = "<group>";
		};
/* End PBXGroup section */

/* Begin PBXNativeTarget section */
		6B542DE12CF98C0B007877B6 /* Alpinist */ = {
			isa = PBXNativeTarget;
			buildConfigurationList = 6B542DF82CF98C0D007877B6 /* Build configuration list for PBXNativeTarget "Alpinist" */;
			buildPhases = (
				33768617B0DF5AF97015551B /* [CP] Check Pods Manifest.lock */,
				6B542DDE2CF98C0B007877B6 /* Sources */,
				6B542DDF2CF98C0B007877B6 /* Frameworks */,
				6B542DE02CF98C0B007877B6 /* Resources */,
				CDA7CC7F1C98C28C1F289AD4 /* [CP] Embed Pods Frameworks */,
			);
			buildRules = (
			);
			dependencies = (
			);
			name = Alpinist;
			productName = Alpinist;
			productReference = 6B542DE22CF98C0B007877B6 /* Alpinist.app */;
			productType = "com.apple.product-type.application";
		};
/* End PBXNativeTarget section */

/* Begin PBXProject section */
		6B542DDA2CF98C0B007877B6 /* Project object */ = {
			isa = PBXProject;
			attributes = {
				BuildIndependentTargetsInParallel = 1;
				LastSwiftUpdateCheck = 1610;
				LastUpgradeCheck = 1610;
				TargetAttributes = {
					6B542DE12CF98C0B007877B6 = {
						CreatedOnToolsVersion = 16.1;
					};
				};
			};
			buildConfigurationList = 6B542DDD2CF98C0B007877B6 /* Build configuration list for PBXProject "Alpinist" */;
			compatibilityVersion = "Xcode 15.0";
			developmentRegion = en;
			hasScannedForEncodings = 0;
			knownRegions = (
				en,
				Base,
			);
			mainGroup = 6B542DD92CF98C0B007877B6;
			minimizedProjectReferenceProxies = 1;
			productRefGroup = 6B542DE32CF98C0B007877B6 /* Products */;
			projectDirPath = "";
			projectRoot = "";
			targets = (
				6B542DE12CF98C0B007877B6 /* Alpinist */,
			);
		};
/* End PBXProject section */

/* Begin PBXResourcesBuildPhase section */
		6B542DE02CF98C0B007877B6 /* Resources */ = {
			isa = PBXResourcesBuildPhase;
			buildActionMask = 2147483647;
			files = (
				6B542E462CF9AFEC007877B6 /* PlacesViewController.xib in Resources */,
				6B542E772CFA5FA2007877B6 /* EquipmentFormViewController.xib in Resources */,
				6B542E0D2CF98C1D007877B6 /* Assets.xcassets in Resources */,
				6B542E532CF9BA5E007877B6 /* PlaceFormViewController.xib in Resources */,
				6B542E812CFAD60C007877B6 /* SettingsViewController.xib in Resources */,
				6B542E4E2CF9B433007877B6 /* PlaceTableViewCell.xib in Resources */,
				6B542E312CF98DB9007877B6 /* Jura-Bold.ttf in Resources */,
				6B542E322CF98DB9007877B6 /* Jura-Medium.ttf in Resources */,
				6B542E582CF9C438007877B6 /* MemberTableViewCell.xib in Resources */,
				6B542E672CFA4D09007877B6 /* EquipmentListViewController.xib in Resources */,
				6B542E332CF98DB9007877B6 /* Jura-Regular.ttf in Resources */,
				6B83AD6B2D046ECB0061FB37 /* codemagic.yaml in Resources */,
				6B83AD6D2D04C8BE0061FB37 /* GoogleService-Info.plist in Resources */,
				6B542E0F2CF98C1D007877B6 /* LaunchScreen.storyboard in Resources */,
				6B542E3B2CF9AB6E007877B6 /* MenuViewController.xib in Resources */,
				6B542E102CF98C1D007877B6 /* Root.storyboard in Resources */,
				6B542E722CFA5388007877B6 /* EquipmentListTableViewCell.xib in Resources */,
			);
			runOnlyForDeploymentPostprocessing = 0;
		};
/* End PBXResourcesBuildPhase section */

/* Begin PBXShellScriptBuildPhase section */
		33768617B0DF5AF97015551B /* [CP] Check Pods Manifest.lock */ = {
			isa = PBXShellScriptBuildPhase;
			buildActionMask = 2147483647;
			files = (
			);
			inputFileListPaths = (
			);
			inputPaths = (
				"${PODS_PODFILE_DIR_PATH}/Podfile.lock",
				"${PODS_ROOT}/Manifest.lock",
			);
			name = "[CP] Check Pods Manifest.lock";
			outputFileListPaths = (
			);
			outputPaths = (
				"$(DERIVED_FILE_DIR)/Pods-Alpinist-checkManifestLockResult.txt",
			);
			runOnlyForDeploymentPostprocessing = 0;
			shellPath = /bin/sh;
			shellScript = "diff \"${PODS_PODFILE_DIR_PATH}/Podfile.lock\" \"${PODS_ROOT}/Manifest.lock\" > /dev/null\nif [ $? != 0 ] ; then\n    # print error to STDERR\n    echo \"error: The sandbox is not in sync with the Podfile.lock. Run 'pod install' or update your CocoaPods installation.\" >&2\n    exit 1\nfi\n# This output is used by Xcode 'outputs' to avoid re-running this script phase.\necho \"SUCCESS\" > \"${SCRIPT_OUTPUT_FILE_0}\"\n";
			showEnvVarsInLog = 0;
		};
		CDA7CC7F1C98C28C1F289AD4 /* [CP] Embed Pods Frameworks */ = {
			isa = PBXShellScriptBuildPhase;
			buildActionMask = 2147483647;
			files = (
			);
			inputFileListPaths = (
				"${PODS_ROOT}/Target Support Files/Pods-Alpinist/Pods-Alpinist-frameworks-${CONFIGURATION}-input-files.xcfilelist",
			);
			name = "[CP] Embed Pods Frameworks";
			outputFileListPaths = (
				"${PODS_ROOT}/Target Support Files/Pods-Alpinist/Pods-Alpinist-frameworks-${CONFIGURATION}-output-files.xcfilelist",
			);
			runOnlyForDeploymentPostprocessing = 0;
			shellPath = /bin/sh;
			shellScript = "\"${PODS_ROOT}/Target Support Files/Pods-Alpinist/Pods-Alpinist-frameworks.sh\"\n";
			showEnvVarsInLog = 0;
		};
/* End PBXShellScriptBuildPhase section */

/* Begin PBXSourcesBuildPhase section */
		6B542DDE2CF98C0B007877B6 /* Sources */ = {
			isa = PBXSourcesBuildPhase;
			buildActionMask = 2147483647;
			files = (
				6B542E092CF98C1D007877B6 /* Alpinist.xcdatamodeld in Sources */,
				6B542E0A2CF98C1D007877B6 /* AppDelegate.swift in Sources */,
				6B542E822CFAD60C007877B6 /* SettingsViewController.swift in Sources */,
				6B542E0B2CF98C1D007877B6 /* SceneDelegate.swift in Sources */,
				6B542E0C2CF98C1D007877B6 /* RootViewController.swift in Sources */,
				6B542E212CF98D55007877B6 /* PaddingTextField.swift in Sources */,
				6B542E592CF9C438007877B6 /* MemberTableViewCell.swift in Sources */,
				6B542E732CFA5388007877B6 /* EquipmentListTableViewCell.swift in Sources */,
				6B542E352CF9A997007877B6 /* CheckBoxButton.swift in Sources */,
				6B542E222CF98D55007877B6 /* BaseTextField.swift in Sources */,
				6B83AD672D046D900061FB37 /* PrivacyWebViewController.swift in Sources */,
				6B83AD642D046D660061FB37 /* NetworkManager.swift in Sources */,
				6B542E232CF98D55007877B6 /* UIView.swift in Sources */,
				6B542E242CF98D55007877B6 /* String.swift in Sources */,
				6B542E252CF98D55007877B6 /* Double.swift in Sources */,
				6B542E682CFA4D09007877B6 /* EquipmentListViewController.swift in Sources */,
				6B542E542CF9BA5E007877B6 /* PlaceFormViewController.swift in Sources */,
				6B542E6E2CFA4FDB007877B6 /* EquipmentListViewModel.swift in Sources */,
				6B542E7D2CFA6184007877B6 /* EquipmentFormViewModel.swift in Sources */,
				6B542E262CF98D55007877B6 /* UITextField.swift in Sources */,
				6B542E272CF98D55007877B6 /* BaseButton.swift in Sources */,
				6B542E282CF98D55007877B6 /* ShadowView.swift in Sources */,
				6B542E3A2CF9AB6E007877B6 /* MenuViewController.swift in Sources */,
				6B83AD692D046DA30061FB37 /* PrivacyViewController.swift in Sources */,
				6B542E5C2CF9C547007877B6 /* PlaceFormViewModel.swift in Sources */,
				6B542E452CF9AFEC007877B6 /* PlacesViewController.swift in Sources */,
				6B542E782CFA5FA2007877B6 /* EquipmentFormViewController.swift in Sources */,
				6B542E292CF98D55007877B6 /* Font.swift in Sources */,
				6B542E2A2CF98D55007877B6 /* Date.swift in Sources */,
				6B542E622CF9F287007877B6 /* CoreDataManager.swift in Sources */,
				6B542E5F2CF9F035007877B6 /* PlacesViewModel.swift in Sources */,
				6B542E4D2CF9B433007877B6 /* PlaceTableViewCell.swift in Sources */,
				6B542E6B2CFA4F66007877B6 /* EquipmentModel.swift in Sources */,
				6B542E492CF9B399007877B6 /* PlaceModel.swift in Sources */,
				6B542E2B2CF98D55007877B6 /* ViewController.swift in Sources */,
				6B542E2C2CF98D55007877B6 /* NumberTextField.swift in Sources */,
			);
			runOnlyForDeploymentPostprocessing = 0;
		};
/* End PBXSourcesBuildPhase section */

/* Begin PBXVariantGroup section */
		6B542E022CF98C1D007877B6 /* LaunchScreen.storyboard */ = {
			isa = PBXVariantGroup;
			children = (
				6B542E012CF98C1D007877B6 /* Base */,
			);
			name = LaunchScreen.storyboard;
			sourceTree = "<group>";
		};
		6B542E042CF98C1D007877B6 /* Root.storyboard */ = {
			isa = PBXVariantGroup;
			children = (
				6B542E032CF98C1D007877B6 /* Base */,
			);
			name = Root.storyboard;
			sourceTree = "<group>";
		};
/* End PBXVariantGroup section */

/* Begin XCBuildConfiguration section */
		6B542DF92CF98C0D007877B6 /* Debug */ = {
			isa = XCBuildConfiguration;
			baseConfigurationReference = 003740BED9C2CF432AF57D9F /* Pods-Alpinist.debug.xcconfig */;
			buildSettings = {
				ASSETCATALOG_COMPILER_APPICON_NAME = AppIcon;
				ASSETCATALOG_COMPILER_GLOBAL_ACCENT_COLOR_NAME = AccentColor;
				CODE_SIGN_STYLE = Automatic;
				CURRENT_PROJECT_VERSION = 1;
				DEVELOPMENT_TEAM = 9YUSQBCAX9;
				GENERATE_INFOPLIST_FILE = YES;
				INFOPLIST_FILE = Alpinist/Info.plist;
				INFOPLIST_KEY_NSCameraUsageDescription = "Allow access to your camera to take photos and videos of your climbs and add them to your journey.";
				INFOPLIST_KEY_NSMicrophoneUsageDescription = "Allow access to your microphone to record audio when capturing climbing videos.";
				INFOPLIST_KEY_NSPhotoLibraryUsageDescription = "Allow access to your photo library to upload and save your climbing photos and videos.";
				INFOPLIST_KEY_UIApplicationSupportsIndirectInputEvents = YES;
				INFOPLIST_KEY_UILaunchStoryboardName = LaunchScreen;
				INFOPLIST_KEY_UIMainStoryboardFile = Root;
				INFOPLIST_KEY_UISupportedInterfaceOrientations = UIInterfaceOrientationPortrait;
				INFOPLIST_KEY_UISupportedInterfaceOrientations_iPad = "UIInterfaceOrientationLandscapeLeft UIInterfaceOrientationLandscapeRight UIInterfaceOrientationPortrait UIInterfaceOrientationPortraitUpsideDown";
				INFOPLIST_KEY_UIUserInterfaceStyle = Light;
				IPHONEOS_DEPLOYMENT_TARGET = 15.0;
				LD_RUNPATH_SEARCH_PATHS = (
					"$(inherited)",
					"@executable_path/Frameworks",
				);
				MARKETING_VERSION = 1.1;
				PRODUCT_BUNDLE_IDENTIFIER = com.AlpineAtlas.WV85Application;
				PRODUCT_NAME = "$(TARGET_NAME)";
				SUPPORTED_PLATFORMS = "iphoneos iphonesimulator";
				SUPPORTS_MACCATALYST = NO;
				SWIFT_EMIT_LOC_STRINGS = YES;
				SWIFT_VERSION = 5.0;
				TARGETED_DEVICE_FAMILY = 1;
			};
			name = Debug;
		};
		6B542DFA2CF98C0D007877B6 /* Release */ = {
			isa = XCBuildConfiguration;
			baseConfigurationReference = 6628B2B38618D07678F850EA /* Pods-Alpinist.release.xcconfig */;
			buildSettings = {
				ASSETCATALOG_COMPILER_APPICON_NAME = AppIcon;
				ASSETCATALOG_COMPILER_GLOBAL_ACCENT_COLOR_NAME = AccentColor;
				CODE_SIGN_STYLE = Automatic;
				CURRENT_PROJECT_VERSION = 1;
				DEVELOPMENT_TEAM = 9YUSQBCAX9;
				GENERATE_INFOPLIST_FILE = YES;
				INFOPLIST_FILE = Alpinist/Info.plist;
				INFOPLIST_KEY_NSCameraUsageDescription = "Allow access to your camera to take photos and videos of your climbs and add them to your journey.";
				INFOPLIST_KEY_NSMicrophoneUsageDescription = "Allow access to your microphone to record audio when capturing climbing videos.";
				INFOPLIST_KEY_NSPhotoLibraryUsageDescription = "Allow access to your photo library to upload and save your climbing photos and videos.";
				INFOPLIST_KEY_UIApplicationSupportsIndirectInputEvents = YES;
				INFOPLIST_KEY_UILaunchStoryboardName = LaunchScreen;
				INFOPLIST_KEY_UIMainStoryboardFile = Root;
				INFOPLIST_KEY_UISupportedInterfaceOrientations = UIInterfaceOrientationPortrait;
				INFOPLIST_KEY_UISupportedInterfaceOrientations_iPad = "UIInterfaceOrientationLandscapeLeft UIInterfaceOrientationLandscapeRight UIInterfaceOrientationPortrait UIInterfaceOrientationPortraitUpsideDown";
				INFOPLIST_KEY_UIUserInterfaceStyle = Light;
				IPHONEOS_DEPLOYMENT_TARGET = 15.0;
				LD_RUNPATH_SEARCH_PATHS = (
					"$(inherited)",
					"@executable_path/Frameworks",
				);
				MARKETING_VERSION = 1.1;
				PRODUCT_BUNDLE_IDENTIFIER = com.AlpineAtlas.WV85Application;
				PRODUCT_NAME = "$(TARGET_NAME)";
				SUPPORTED_PLATFORMS = "iphoneos iphonesimulator";
				SUPPORTS_MACCATALYST = NO;
				SWIFT_EMIT_LOC_STRINGS = YES;
				SWIFT_VERSION = 5.0;
				TARGETED_DEVICE_FAMILY = 1;
			};
			name = Release;
		};
		6B542DFB2CF98C0D007877B6 /* Debug */ = {
			isa = XCBuildConfiguration;
			buildSettings = {
				ALWAYS_SEARCH_USER_PATHS = NO;
				ASSETCATALOG_COMPILER_GENERATE_SWIFT_ASSET_SYMBOL_EXTENSIONS = YES;
				CLANG_ANALYZER_NONNULL = YES;
				CLANG_ANALYZER_NUMBER_OBJECT_CONVERSION = YES_AGGRESSIVE;
				CLANG_CXX_LANGUAGE_STANDARD = "gnu++20";
				CLANG_ENABLE_MODULES = YES;
				CLANG_ENABLE_OBJC_ARC = YES;
				CLANG_ENABLE_OBJC_WEAK = YES;
				CLANG_WARN_BLOCK_CAPTURE_AUTORELEASING = YES;
				CLANG_WARN_BOOL_CONVERSION = YES;
				CLANG_WARN_COMMA = YES;
				CLANG_WARN_CONSTANT_CONVERSION = YES;
				CLANG_WARN_DEPRECATED_OBJC_IMPLEMENTATIONS = YES;
				CLANG_WARN_DIRECT_OBJC_ISA_USAGE = YES_ERROR;
				CLANG_WARN_DOCUMENTATION_COMMENTS = YES;
				CLANG_WARN_EMPTY_BODY = YES;
				CLANG_WARN_ENUM_CONVERSION = YES;
				CLANG_WARN_INFINITE_RECURSION = YES;
				CLANG_WARN_INT_CONVERSION = YES;
				CLANG_WARN_NON_LITERAL_NULL_CONVERSION = YES;
				CLANG_WARN_OBJC_IMPLICIT_RETAIN_SELF = YES;
				CLANG_WARN_OBJC_LITERAL_CONVERSION = YES;
				CLANG_WARN_OBJC_ROOT_CLASS = YES_ERROR;
				CLANG_WARN_QUOTED_INCLUDE_IN_FRAMEWORK_HEADER = YES;
				CLANG_WARN_RANGE_LOOP_ANALYSIS = YES;
				CLANG_WARN_STRICT_PROTOTYPES = YES;
				CLANG_WARN_SUSPICIOUS_MOVE = YES;
				CLANG_WARN_UNGUARDED_AVAILABILITY = YES_AGGRESSIVE;
				CLANG_WARN_UNREACHABLE_CODE = YES;
				CLANG_WARN__DUPLICATE_METHOD_MATCH = YES;
				COPY_PHASE_STRIP = NO;
				DEBUG_INFORMATION_FORMAT = dwarf;
				ENABLE_STRICT_OBJC_MSGSEND = YES;
				ENABLE_TESTABILITY = YES;
				ENABLE_USER_SCRIPT_SANDBOXING = NO;
				GCC_C_LANGUAGE_STANDARD = gnu17;
				GCC_DYNAMIC_NO_PIC = NO;
				GCC_NO_COMMON_BLOCKS = YES;
				GCC_OPTIMIZATION_LEVEL = 0;
				GCC_PREPROCESSOR_DEFINITIONS = (
					"DEBUG=1",
					"$(inherited)",
				);
				GCC_WARN_64_TO_32_BIT_CONVERSION = YES;
				GCC_WARN_ABOUT_RETURN_TYPE = YES_ERROR;
				GCC_WARN_UNDECLARED_SELECTOR = YES;
				GCC_WARN_UNINITIALIZED_AUTOS = YES_AGGRESSIVE;
				GCC_WARN_UNUSED_FUNCTION = YES;
				GCC_WARN_UNUSED_VARIABLE = YES;
				IPHONEOS_DEPLOYMENT_TARGET = 15.6;
				LOCALIZATION_PREFERS_STRING_CATALOGS = YES;
				MTL_ENABLE_DEBUG_INFO = INCLUDE_SOURCE;
				MTL_FAST_MATH = YES;
				ONLY_ACTIVE_ARCH = YES;
				SDKROOT = iphoneos;
				SWIFT_ACTIVE_COMPILATION_CONDITIONS = "DEBUG $(inherited)";
				SWIFT_OPTIMIZATION_LEVEL = "-Onone";
			};
			name = Debug;
		};
		6B542DFC2CF98C0D007877B6 /* Release */ = {
			isa = XCBuildConfiguration;
			buildSettings = {
				ALWAYS_SEARCH_USER_PATHS = NO;
				ASSETCATALOG_COMPILER_GENERATE_SWIFT_ASSET_SYMBOL_EXTENSIONS = YES;
				CLANG_ANALYZER_NONNULL = YES;
				CLANG_ANALYZER_NUMBER_OBJECT_CONVERSION = YES_AGGRESSIVE;
				CLANG_CXX_LANGUAGE_STANDARD = "gnu++20";
				CLANG_ENABLE_MODULES = YES;
				CLANG_ENABLE_OBJC_ARC = YES;
				CLANG_ENABLE_OBJC_WEAK = YES;
				CLANG_WARN_BLOCK_CAPTURE_AUTORELEASING = YES;
				CLANG_WARN_BOOL_CONVERSION = YES;
				CLANG_WARN_COMMA = YES;
				CLANG_WARN_CONSTANT_CONVERSION = YES;
				CLANG_WARN_DEPRECATED_OBJC_IMPLEMENTATIONS = YES;
				CLANG_WARN_DIRECT_OBJC_ISA_USAGE = YES_ERROR;
				CLANG_WARN_DOCUMENTATION_COMMENTS = YES;
				CLANG_WARN_EMPTY_BODY = YES;
				CLANG_WARN_ENUM_CONVERSION = YES;
				CLANG_WARN_INFINITE_RECURSION = YES;
				CLANG_WARN_INT_CONVERSION = YES;
				CLANG_WARN_NON_LITERAL_NULL_CONVERSION = YES;
				CLANG_WARN_OBJC_IMPLICIT_RETAIN_SELF = YES;
				CLANG_WARN_OBJC_LITERAL_CONVERSION = YES;
				CLANG_WARN_OBJC_ROOT_CLASS = YES_ERROR;
				CLANG_WARN_QUOTED_INCLUDE_IN_FRAMEWORK_HEADER = YES;
				CLANG_WARN_RANGE_LOOP_ANALYSIS = YES;
				CLANG_WARN_STRICT_PROTOTYPES = YES;
				CLANG_WARN_SUSPICIOUS_MOVE = YES;
				CLANG_WARN_UNGUARDED_AVAILABILITY = YES_AGGRESSIVE;
				CLANG_WARN_UNREACHABLE_CODE = YES;
				CLANG_WARN__DUPLICATE_METHOD_MATCH = YES;
				COPY_PHASE_STRIP = NO;
				DEBUG_INFORMATION_FORMAT = "dwarf-with-dsym";
				ENABLE_NS_ASSERTIONS = NO;
				ENABLE_STRICT_OBJC_MSGSEND = YES;
				ENABLE_USER_SCRIPT_SANDBOXING = NO;
				GCC_C_LANGUAGE_STANDARD = gnu17;
				GCC_NO_COMMON_BLOCKS = YES;
				GCC_WARN_64_TO_32_BIT_CONVERSION = YES;
				GCC_WARN_ABOUT_RETURN_TYPE = YES_ERROR;
				GCC_WARN_UNDECLARED_SELECTOR = YES;
				GCC_WARN_UNINITIALIZED_AUTOS = YES_AGGRESSIVE;
				GCC_WARN_UNUSED_FUNCTION = YES;
				GCC_WARN_UNUSED_VARIABLE = YES;
				IPHONEOS_DEPLOYMENT_TARGET = 15.6;
				LOCALIZATION_PREFERS_STRING_CATALOGS = YES;
				MTL_ENABLE_DEBUG_INFO = NO;
				MTL_FAST_MATH = YES;
				SDKROOT = iphoneos;
				SWIFT_COMPILATION_MODE = wholemodule;
				VALIDATE_PRODUCT = YES;
			};
			name = Release;
		};
/* End XCBuildConfiguration section */

/* Begin XCConfigurationList section */
		6B542DDD2CF98C0B007877B6 /* Build configuration list for PBXProject "Alpinist" */ = {
			isa = XCConfigurationList;
			buildConfigurations = (
				6B542DFB2CF98C0D007877B6 /* Debug */,
				6B542DFC2CF98C0D007877B6 /* Release */,
			);
			defaultConfigurationIsVisible = 0;
			defaultConfigurationName = Release;
		};
		6B542DF82CF98C0D007877B6 /* Build configuration list for PBXNativeTarget "Alpinist" */ = {
			isa = XCConfigurationList;
			buildConfigurations = (
				6B542DF92CF98C0D007877B6 /* Debug */,
				6B542DFA2CF98C0D007877B6 /* Release */,
			);
			defaultConfigurationIsVisible = 0;
			defaultConfigurationName = Release;
		};
/* End XCConfigurationList section */

/* Begin XCVersionGroup section */
		6B542DFD2CF98C1D007877B6 /* Alpinist.xcdatamodeld */ = {
			isa = XCVersionGroup;
			children = (
				6B542E082CF98C1D007877B6 /* Alpinist.xcdatamodel */,
			);
			currentVersion = 6B542E082CF98C1D007877B6 /* Alpinist.xcdatamodel */;
			path = Alpinist.xcdatamodeld;
			sourceTree = "<group>";
			versionGroupType = wrapper.xcdatamodel;
		};
/* End XCVersionGroup section */
	};
	rootObject = 6B542DDA2CF98C0B007877B6 /* Project object */;
}
